
Microsoft Visual Studio Solution File, Format Version 12.00
# Visual Studio Version 16
VisualStudioVersion = 25.0.1705.0
MinimumVisualStudioVersion = 10.0.40219.1
Project("{FAE04EC0-301F-11D3-BF4B-00C04F79EFBC}") = "CompassMobileUpdate.Android", "CompassMobileUpdate\CompassMobileUpdate.Android\CompassMobileUpdate.Android.csproj", "{3E4B09C6-0F32-44F9-BA0C-4A8CBA6B6AD8}"
EndProject
Project("{FAE04EC0-301F-11D3-BF4B-00C04F79EFBC}") = "CompassMobileUpdate.iOS", "CompassMobileUpdate\CompassMobileUpdate.iOS\CompassMobileUpdate.iOS.csproj", "{C545BA02-1973-472F-B7EB-24AE7014EA5F}"
EndProject
Project("{FAE04EC0-301F-11D3-BF4B-00C04F79EFBC}") = "CompassMobileUpdate", "CompassMobileUpdate\CompassMobileUpdate\CompassMobileUpdate.csproj", "{555FD90F-9829-42D4-9936-0D3DED440630}"
EndProject
Global
	GlobalSection(SolutionConfigurationPlatforms) = preSolution
		Debug|Any CPU = Debug|Any CPU
		Release|Any CPU = Release|Any CPU
		Debug|iPhoneSimulator = Debug|iPhoneSimulator
		Release|iPhoneSimulator = Release|iPhoneSimulator
		Debug|iPhone = Debug|iPhone
		Release|iPhone = Release|iPhone
	EndGlobalSection
	GlobalSection(ProjectConfigurationPlatforms) = postSolution
		{3E4B09C6-0F32-44F9-BA0C-4A8CBA6B6AD8}.Debug|Any CPU.ActiveCfg = Debug|Any CPU
		{3E4B09C6-0F32-44F9-BA0C-4A8CBA6B6AD8}.Debug|Any CPU.Build.0 = Debug|Any CPU
		{3E4B09C6-0F32-44F9-BA0C-4A8CBA6B6AD8}.Release|Any CPU.ActiveCfg = Release|Any CPU
		{3E4B09C6-0F32-44F9-BA0C-4A8CBA6B6AD8}.Release|Any CPU.Build.0 = Release|Any CPU
		{3E4B09C6-0F32-44F9-BA0C-4A8CBA6B6AD8}.Debug|iPhoneSimulator.ActiveCfg = Debug|Any CPU
		{3E4B09C6-0F32-44F9-BA0C-4A8CBA6B6AD8}.Debug|iPhoneSimulator.Build.0 = Debug|Any CPU
		{3E4B09C6-0F32-44F9-BA0C-4A8CBA6B6AD8}.Release|iPhoneSimulator.ActiveCfg = Release|Any CPU
		{3E4B09C6-0F32-44F9-BA0C-4A8CBA6B6AD8}.Release|iPhoneSimulator.Build.0 = Release|Any CPU
		{3E4B09C6-0F32-44F9-BA0C-4A8CBA6B6AD8}.Debug|iPhone.ActiveCfg = Debug|Any CPU
		{3E4B09C6-0F32-44F9-BA0C-4A8CBA6B6AD8}.Debug|iPhone.Build.0 = Debug|Any CPU
		{3E4B09C6-0F32-44F9-BA0C-4A8CBA6B6AD8}.Release|iPhone.ActiveCfg = Release|Any CPU
		{3E4B09C6-0F32-44F9-BA0C-4A8CBA6B6AD8}.Release|iPhone.Build.0 = Release|Any CPU
		{C545BA02-1973-472F-B7EB-24AE7014EA5F}.Debug|Any CPU.ActiveCfg = Debug|iPhoneSimulator
		{C545BA02-1973-472F-B7EB-24AE7014EA5F}.Debug|Any CPU.Build.0 = Debug|iPhoneSimulator
		{C545BA02-1973-472F-B7EB-24AE7014EA5F}.Release|Any CPU.ActiveCfg = Release|iPhoneSimulator
		{C545BA02-1973-472F-B7EB-24AE7014EA5F}.Release|Any CPU.Build.0 = Release|iPhoneSimulator
		{C545BA02-1973-472F-B7EB-24AE7014EA5F}.Debug|iPhoneSimulator.ActiveCfg = Debug|iPhoneSimulator
		{C545BA02-1973-472F-B7EB-24AE7014EA5F}.Debug|iPhoneSimulator.Build.0 = Debug|iPhoneSimulator
		{C545BA02-1973-472F-B7EB-24AE7014EA5F}.Release|iPhoneSimulator.ActiveCfg = Release|iPhoneSimulator
		{C545BA02-1973-472F-B7EB-24AE7014EA5F}.Release|iPhoneSimulator.Build.0 = Release|iPhoneSimulator
		{C545BA02-1973-472F-B7EB-24AE7014EA5F}.Debug|iPhone.ActiveCfg = Debug|iPhone
		{C545BA02-1973-472F-B7EB-24AE7014EA5F}.Debug|iPhone.Build.0 = Debug|iPhone
		{C545BA02-1973-472F-B7EB-24AE7014EA5F}.Release|iPhone.ActiveCfg = Release|iPhone
		{C545BA02-1973-472F-B7EB-24AE7014EA5F}.Release|iPhone.Build.0 = Release|iPhone
		{555FD90F-9829-42D4-9936-0D3DED440630}.Debug|Any CPU.ActiveCfg = Debug|Any CPU
		{555FD90F-9829-42D4-9936-0D3DED440630}.Debug|Any CPU.Build.0 = Debug|Any CPU
		{555FD90F-9829-42D4-9936-0D3DED440630}.Release|Any CPU.ActiveCfg = Release|Any CPU
		{555FD90F-9829-42D4-9936-0D3DED440630}.Release|Any CPU.Build.0 = Release|Any CPU
		{555FD90F-9829-42D4-9936-0D3DED440630}.Debug|iPhoneSimulator.ActiveCfg = Debug|Any CPU
		{555FD90F-9829-42D4-9936-0D3DED440630}.Debug|iPhoneSimulator.Build.0 = Debug|Any CPU
		{555FD90F-9829-42D4-9936-0D3DED440630}.Release|iPhoneSimulator.ActiveCfg = Release|Any CPU
		{555FD90F-9829-42D4-9936-0D3DED440630}.Release|iPhoneSimulator.Build.0 = Release|Any CPU
		{555FD90F-9829-42D4-9936-0D3DED440630}.Debug|iPhone.ActiveCfg = Debug|Any CPU
		{555FD90F-9829-42D4-9936-0D3DED440630}.Debug|iPhone.Build.0 = Debug|Any CPU
		{555FD90F-9829-42D4-9936-0D3DED440630}.Release|iPhone.ActiveCfg = Release|Any CPU
		{555FD90F-9829-42D4-9936-0D3DED440630}.Release|iPhone.Build.0 = Release|Any CPU
	EndGlobalSection
	GlobalSection(SolutionProperties) = preSolution
		HideSolutionNode = FALSE
	EndGlobalSection
	GlobalSection(ExtensibilityGlobals) = postSolution
		SolutionGuid = {25D70AC6-3362-44C2-9A07-CDAE0A67C7D0}
	EndGlobalSection
EndGlobal
